<?xml version="1.0" encoding="utf-8"?>
<Project ToolsVersion="4.0" xmlns="http://schemas.microsoft.com/developer/msbuild/2003">
  <ItemGroup>
    <Filter Include="Source Files">
      <UniqueIdentifier>{4FC737F1-C7A5-4376-A066-2A32D752A2FF}</UniqueIdentifier>
      <Extensions>cpp;c;cc;cxx;def;odl;idl;hpj;bat;asm;asmx</Extensions>
    </Filter>
    <Filter Include="Header Files">
      <UniqueIdentifier>{93995380-89BD-4b04-88EB-625FBE52EBFB}</UniqueIdentifier>
      <Extensions>h;hh;hpp;hxx;hm;inl;inc;xsd</Extensions>
    </Filter>
    <Filter Include="Resource Files">
      <UniqueIdentifier>{67DA6AB6-F800-4c08-8B7A-83BB121AAD01}</UniqueIdentifier>
      <Extensions>rc;ico;cur;bmp;dlg;rc2;rct;bin;rgs;gif;jpg;jpeg;jpe;resx;tiff;tif;png;wav;mfcribbon-ms</Extensions>
    </Filter>
    <Filter Include="Header Files\SDL2_Engine">
      <UniqueIdentifier>{78dc0033-b8c9-47ab-ab13-c195299d7a24}</UniqueIdentifier>
    </Filter>
    <Filter Include="Header Files\SDL2_Engine\Utilities">
      <UniqueIdentifier>{36fc3da6-a38c-468c-a7a6-921fd4098d6a}</UniqueIdentifier>
    </Filter>
    <Filter Include="Header Files\SDL2_Engine\Utilities\Properties">
      <UniqueIdentifier>{3b939f7e-1842-412c-9ad3-69b1a5464aef}</UniqueIdentifier>
    </Filter>
    <Filter Include="Source Files\SDL2_Engine">
      <UniqueIdentifier>{888cc0b5-e147-4f49-ad2e-e719d26e582d}</UniqueIdentifier>
    </Filter>
    <Filter Include="Source Files\SDL2_Engine\Utilities">
      <UniqueIdentifier>{ebc345f2-76e6-4955-8a02-5b348ad59466}</UniqueIdentifier>
    </Filter>
    <Filter Include="Source Files\SDL2_Engine\Utilities\Properties">
      <UniqueIdentifier>{92219c60-43af-4402-b14a-58205eed4474}</UniqueIdentifier>
    </Filter>
    <Filter Include="Header Files\SDL2_Engine\Root">
      <UniqueIdentifier>{54b66015-0765-4a74-982a-55c0d6c76b4d}</UniqueIdentifier>
    </Filter>
    <Filter Include="Header Files\SDL2_Engine\Root\Input">
      <UniqueIdentifier>{1666eef8-5a95-4220-a3d4-0229fa8e561f}</UniqueIdentifier>
    </Filter>
    <Filter Include="Header Files\SDL2_Engine\Root\Logger">
      <UniqueIdentifier>{5eaa5b14-e775-40a8-bd2b-8a3eea378fb3}</UniqueIdentifier>
    </Filter>
    <Filter Include="Header Files\SDL2_Engine\Root\Time">
      <UniqueIdentifier>{f65393b2-558e-48fb-b224-ac5c7c156394}</UniqueIdentifier>
    </Filter>
    <Filter Include="Source Files\SDL2_Engine\Root">
      <UniqueIdentifier>{cc28c917-c971-4e48-8913-4205ec0bd14c}</UniqueIdentifier>
    </Filter>
    <Filter Include="Source Files\SDL2_Engine\Root\Input">
      <UniqueIdentifier>{613d3b64-1867-44e7-94cd-e71965e415d4}</UniqueIdentifier>
    </Filter>
    <Filter Include="Source Files\SDL2_Engine\Root\Logger">
      <UniqueIdentifier>{12442c1f-912a-4cec-9461-eb1715c9a6df}</UniqueIdentifier>
    </Filter>
    <Filter Include="Source Files\SDL2_Engine\Root\Time">
      <UniqueIdentifier>{8d87f821-4d97-4990-8cfa-6970197a2968}</UniqueIdentifier>
    </Filter>
    <Filter Include="Header Files\SDL2_Engine\Resources">
      <UniqueIdentifier>{9adbeec3-4bb7-4308-864b-b12289bbf75b}</UniqueIdentifier>
    </Filter>
    <Filter Include="Header Files\SDL2_Engine\Resources\Manager">
      <UniqueIdentifier>{20cef86f-450c-4234-9d46-c523ec0f6966}</UniqueIdentifier>
    </Filter>
    <Filter Include="Header Files\SDL2_Engine\Resources\Resource Types">
      <UniqueIdentifier>{825bab6c-2caa-4210-857c-d3032607aa30}</UniqueIdentifier>
    </Filter>
    <Filter Include="Header Files\SDL2_Engine\Resources\Resource Types\Custom Resources">
      <UniqueIdentifier>{c6bae792-0584-4717-96e1-6d14740a8555}</UniqueIdentifier>
    </Filter>
    <Filter Include="Source Files\SDL2_Engine\Resources">
      <UniqueIdentifier>{41407709-3bf2-451a-86d8-9acf2c2d112d}</UniqueIdentifier>
    </Filter>
    <Filter Include="Source Files\SDL2_Engine\Resources\Manager">
      <UniqueIdentifier>{88af0250-15bc-43a1-b540-eac34dc47eb2}</UniqueIdentifier>
    </Filter>
    <Filter Include="Source Files\SDL2_Engine\Resources\Resource Types">
      <UniqueIdentifier>{88c4f601-a22a-4a2a-9143-d3c97d355363}</UniqueIdentifier>
    </Filter>
    <Filter Include="Source Files\SDL2_Engine\Resources\Resource Types\Custom Resources">
      <UniqueIdentifier>{88b0ce10-ac53-4862-abc6-3bc768e286a4}</UniqueIdentifier>
    </Filter>
    <Filter Include="Header Files\SDL2_Engine\Screen Management">
      <UniqueIdentifier>{95345ba1-b7a6-47cc-a60f-121e5fb8d451}</UniqueIdentifier>
    </Filter>
    <Filter Include="Source Files\SDL2_Engine\State Manager">
      <UniqueIdentifier>{bd51beec-e78f-4805-b91a-3bd85ac9d73f}</UniqueIdentifier>
    </Filter>
    <Filter Include="Source Files\SDL2_Engine\State Manager\Objects">
      <UniqueIdentifier>{10e5e636-2423-478e-8b3c-ca5361c64eb5}</UniqueIdentifier>
    </Filter>
    <Filter Include="Header Files\SDL2_Engine\State Manager">
      <UniqueIdentifier>{ab313436-f7c9-4f52-9003-4b874bd65a90}</UniqueIdentifier>
    </Filter>
    <Filter Include="Header Files\SDL2_Engine\State Manager\Objects">
      <UniqueIdentifier>{0fa05489-9d67-4eec-88e4-e2390505435d}</UniqueIdentifier>
    </Filter>
  </ItemGroup>
  <ItemGroup>
    <ClInclude Include="src\main\dirent.h">
      <Filter>Header Files</Filter>
    </ClInclude>
    <ClInclude Include="src\SDL2_Engine\Root\Input\InputForwardDeclares.hpp">
      <Filter>Header Files\SDL2_Engine\Root\Input</Filter>
    </ClInclude>
    <ClInclude Include="src\SDL2_Engine\Root\Input\InputManager.hpp">
      <Filter>Header Files\SDL2_Engine\Root\Input</Filter>
    </ClInclude>
    <ClInclude Include="src\SDL2_Engine\Root\Input\InputValues.hpp">
      <Filter>Header Files\SDL2_Engine\Root\Input</Filter>
    </ClInclude>
    <ClInclude Include="src\SDL2_Engine\Root\Input\VirtualAxis.hpp">
      <Filter>Header Files\SDL2_Engine\Root\Input</Filter>
    </ClInclude>
    <ClInclude Include="src\SDL2_Engine\Root\Logger\DebugColor.hpp">
      <Filter>Header Files\SDL2_Engine\Root\Logger</Filter>
    </ClInclude>
    <ClInclude Include="src\SDL2_Engine\Root\Logger\LoggerForwardDeclares.hpp">
      <Filter>Header Files\SDL2_Engine\Root\Logger</Filter>
    </ClInclude>
    <ClInclude Include="src\SDL2_Engine\Root\Logger\LoggerManager.hpp">
      <Filter>Header Files\SDL2_Engine\Root\Logger</Filter>
    </ClInclude>
    <ClInclude Include="src\SDL2_Engine\Root\Time\TimeForwardDeclares.hpp">
      <Filter>Header Files\SDL2_Engine\Root\Time</Filter>
    </ClInclude>
    <ClInclude Include="src\SDL2_Engine\Root\Time\TimeManager.hpp">
      <Filter>Header Files\SDL2_Engine\Root\Time</Filter>
    </ClInclude>
    <ClInclude Include="src\SDL2_Engine\Root\Input.hpp">
      <Filter>Header Files\SDL2_Engine\Root</Filter>
    </ClInclude>
    <ClInclude Include="src\SDL2_Engine\Root\Logger.hpp">
      <Filter>Header Files\SDL2_Engine\Root</Filter>
    </ClInclude>
    <ClInclude Include="src\SDL2_Engine\Root\RootForwardDeclares.hpp">
      <Filter>Header Files\SDL2_Engine\Root</Filter>
    </ClInclude>
    <ClInclude Include="src\SDL2_Engine\Root\Time.hpp">
      <Filter>Header Files\SDL2_Engine\Root</Filter>
    </ClInclude>
    <ClInclude Include="src\SDL2_Engine\Utilities\Properties.hpp">
      <Filter>Header Files\SDL2_Engine\Utilities\Properties</Filter>
    </ClInclude>
    <ClInclude Include="src\SDL2_Engine\Utilities\Properties\ReadOnlyProperty.hpp">
      <Filter>Header Files\SDL2_Engine\Utilities\Properties</Filter>
    </ClInclude>
    <ClInclude Include="src\SDL2_Engine\Utilities\Properties\ValidatedProperty.hpp">
      <Filter>Header Files\SDL2_Engine\Utilities\Properties</Filter>
    </ClInclude>
    <ClInclude Include="src\SDL2_Engine\Math.hpp">
      <Filter>Header Files\SDL2_Engine</Filter>
    </ClInclude>
    <ClInclude Include="src\SDL2_Engine\SDL2_Engine.hpp">
      <Filter>Header Files\SDL2_Engine</Filter>
    </ClInclude>
    <ClInclude Include="src\SDL2_Engine\Types.hpp">
      <Filter>Header Files\SDL2_Engine</Filter>
    </ClInclude>
    <ClInclude Include="src\SDL2_Engine\Resources\Manager\ResourceManager.hpp">
      <Filter>Header Files\SDL2_Engine\Resources\Manager</Filter>
    </ClInclude>
    <ClInclude Include="src\SDL2_Engine\Resources\ResourceValues.hpp">
      <Filter>Header Files\SDL2_Engine\Resources</Filter>
    </ClInclude>
    <ClInclude Include="src\SDL2_Engine\Resources\Resource Types\ResourceBase.hpp">
      <Filter>Header Files\SDL2_Engine\Resources\Resource Types</Filter>
    </ClInclude>
    <ClInclude Include="src\SDL2_Engine\Resources\Resource Types\SDL2TextureResource.hpp">
      <Filter>Header Files\SDL2_Engine\Resources\Resource Types</Filter>
    </ClInclude>
    <ClInclude Include="src\SDL2_Engine\Resources\Resource Types\SDL2SFXResource.hpp">
      <Filter>Header Files\SDL2_Engine\Resources\Resource Types</Filter>
    </ClInclude>
    <ClInclude Include="src\SDL2_Engine\Resources\Resource Types\SDL2GenericResource.hpp">
      <Filter>Header Files\SDL2_Engine\Resources\Resource Types</Filter>
    </ClInclude>
    <ClInclude Include="src\SDL2_Engine\Resources\Resource Types\SDL2MusicResource.hpp">
      <Filter>Header Files\SDL2_Engine\Resources\Resource Types</Filter>
    </ClInclude>
    <ClInclude Include="src\SDL2_Engine\Resources\Resource Types\SDL2Resource.hpp">
      <Filter>Header Files\SDL2_Engine\Resources\Resource Types</Filter>
    </ClInclude>
    <ClInclude Include="src\SDL2_Engine\Resources\ResourceTypePrototypes.hpp">
      <Filter>Header Files\SDL2_Engine\Resources</Filter>
    </ClInclude>
    <ClInclude Include="src\SDL2_Engine\Resources\Resource Types\Custom Resources\Cursor_Container.hpp">
      <Filter>Header Files\SDL2_Engine\Resources\Resource Types\Custom Resources</Filter>
    </ClInclude>
    <ClInclude Include="src\SDL2_Engine\Resources\Resource Types\SDL2CursorResource.hpp">
      <Filter>Header Files\SDL2_Engine\Resources\Resource Types</Filter>
    </ClInclude>
    <ClInclude Include="src\SDL2_Engine\Resources\ResourceTypes.hpp">
      <Filter>Header Files\SDL2_Engine\Resources</Filter>
    </ClInclude>
    <ClInclude Include="src\jsoncpp\json\json.h">
      <Filter>Header Files</Filter>
    </ClInclude>
    <ClInclude Include="src\jsoncpp\json\json-forwards.h">
      <Filter>Header Files</Filter>
    </ClInclude>
    <ClInclude Include="src\SDL2_Engine\Resources\Resources.hpp">
      <Filter>Header Files\SDL2_Engine\Resources</Filter>
    </ClInclude>
    <ClInclude Include="src\SDL2_Engine\Screen Management\BaseScreen.hpp">
      <Filter>Header Files\SDL2_Engine\Screen Management</Filter>
    </ClInclude>
    <ClInclude Include="src\SDL2_Engine\Screen Management\ManagementValues.hpp">
      <Filter>Header Files\SDL2_Engine\Screen Management</Filter>
    </ClInclude>
    <ClInclude Include="src\SDL2_EngineInit.hpp">
      <Filter>Header Files</Filter>
    </ClInclude>
    <ClInclude Include="src\SDL2_Engine\State Manager\Objects\StateManager.hpp">
      <Filter>Header Files\SDL2_Engine\State Manager\Objects</Filter>
    </ClInclude>
    <ClInclude Include="src\SDL2_Engine\State Manager\Objects\StateManagerInitValues.hpp">
      <Filter>Header Files\SDL2_Engine\State Manager\Objects</Filter>
    </ClInclude>
    <ClInclude Include="src\SDL2_Engine\State Manager\StateManagerForwardDeclares.hpp">
      <Filter>Header Files\SDL2_Engine\State Manager</Filter>
    </ClInclude>
    <ClInclude Include="src\SDL2_Engine\State Manager\StateManagerValues.hpp">
      <Filter>Header Files\SDL2_Engine\State Manager</Filter>
    </ClInclude>
    <ClInclude Include="src\SDL2_Engine\State Manager\StateManager.hpp">
      <Filter>Header Files\SDL2_Engine\State Manager</Filter>
    </ClInclude>
    <ClInclude Include="src\SDL2_Engine\Root\Input\VibrationSetting.hpp">
      <Filter>Header Files</Filter>
    </ClInclude>
  </ItemGroup>
  <ItemGroup>
    <ClCompile Include="src\main.cpp">
      <Filter>Source Files</Filter>
    </ClCompile>
    <ClCompile Include="src\SDL2_Engine\Root\Input\InputManager.cpp">
      <Filter>Source Files\SDL2_Engine\Root\Input</Filter>
    </ClCompile>
    <ClCompile Include="src\SDL2_Engine\Root\Logger\LoggerManager.cpp">
      <Filter>Source Files\SDL2_Engine\Root\Logger</Filter>
    </ClCompile>
    <ClCompile Include="src\SDL2_Engine\Root\Time\TimeManager.cpp">
      <Filter>Source Files\SDL2_Engine\Root\Time</Filter>
    </ClCompile>
    <ClCompile Include="src\jsoncpp\jsoncpp.cpp">
      <Filter>Source Files</Filter>
    </ClCompile>
    <ClCompile Include="src\SDL2_Engine\Resources\Manager\ResourceManager.cpp">
      <Filter>Source Files\SDL2_Engine\Resources\Manager</Filter>
    </ClCompile>
    <ClCompile Include="src\SDL2_Engine\Resources\Resource Types\SDL2CursorResource.cpp">
      <Filter>Source Files\SDL2_Engine\Resources\Resource Types</Filter>
    </ClCompile>
    <ClCompile Include="src\SDL2_Engine\Resources\Resource Types\SDL2MusicResource.cpp">
      <Filter>Source Files\SDL2_Engine\Resources\Resource Types</Filter>
    </ClCompile>
    <ClCompile Include="src\SDL2_Engine\Resources\Resource Types\SDL2SFXResource.cpp">
      <Filter>Source Files\SDL2_Engine\Resources\Resource Types</Filter>
    </ClCompile>
    <ClCompile Include="src\SDL2_Engine\Resources\Resource Types\SDL2TextureResource.cpp">
      <Filter>Source Files\SDL2_Engine\Resources\Resource Types</Filter>
    </ClCompile>
    <ClCompile Include="src\SDL2_EngineInit.cpp">
      <Filter>Source Files</Filter>
    </ClCompile>
    <ClCompile Include="src\SDL2_Engine\State Manager\Objects\StateManager.cpp">
      <Filter>Source Files\SDL2_Engine\State Manager\Objects</Filter>
    </ClCompile>
    <ClCompile Include="src\SDL2_Engine\Screen Management\BaseScreen.cpp">
      <Filter>Source Files</Filter>
    </ClCompile>
  </ItemGroup>
</Project>