<?xml version="1.0" encoding="utf-8"?>
<Project ToolsVersion="4.0" xmlns="http://schemas.microsoft.com/developer/msbuild/2003">
  <ItemGroup>
    <Filter Include="Source Files">
      <UniqueIdentifier>{4FC737F1-C7A5-4376-A066-2A32D752A2FF}</UniqueIdentifier>
      <Extensions>cpp;c;cc;cxx;def;odl;idl;hpj;bat;asm;asmx</Extensions>
    </Filter>
    <Filter Include="Header Files">
      <UniqueIdentifier>{93995380-89BD-4b04-88EB-625FBE52EBFB}</UniqueIdentifier>
      <Extensions>h;hh;hpp;hxx;hm;inl;inc;xsd</Extensions>
    </Filter>
    <Filter Include="Resource Files">
      <UniqueIdentifier>{67DA6AB6-F800-4c08-8B7A-83BB121AAD01}</UniqueIdentifier>
      <Extensions>rc;ico;cur;bmp;dlg;rc2;rct;bin;rgs;gif;jpg;jpeg;jpe;resx;tiff;tif;png;wav;mfcribbon-ms</Extensions>
    </Filter>
    <Filter Include="Header Files\jsoncpp">
      <UniqueIdentifier>{8bd78c04-c20e-4ba2-b37e-bf511185129f}</UniqueIdentifier>
    </Filter>
    <Filter Include="Header Files\jsoncpp\json">
      <UniqueIdentifier>{20597f66-31dc-4282-ad9e-fe3843c675d5}</UniqueIdentifier>
    </Filter>
    <Filter Include="Header Files\SDL2_Engine">
      <UniqueIdentifier>{6df50735-2d73-48f4-815f-04ee217e45c6}</UniqueIdentifier>
    </Filter>
    <Filter Include="Header Files\SDL2_Engine\_Root">
      <UniqueIdentifier>{3752eb47-3de4-465b-b0b0-23df95e22a53}</UniqueIdentifier>
    </Filter>
    <Filter Include="Header Files\SDL2_Engine\Audio">
      <UniqueIdentifier>{30825ce6-6b40-4fc7-a626-3a68862309b3}</UniqueIdentifier>
    </Filter>
    <Filter Include="Header Files\SDL2_Engine\Input">
      <UniqueIdentifier>{aa736887-01b0-4eea-9476-6645b79dad28}</UniqueIdentifier>
    </Filter>
    <Filter Include="Header Files\SDL2_Engine\Rendering">
      <UniqueIdentifier>{a0e59488-dd84-45af-9a95-a801afe26b86}</UniqueIdentifier>
    </Filter>
    <Filter Include="Header Files\SDL2_Engine\Resources">
      <UniqueIdentifier>{554ceb6a-362b-4a9e-a185-5065e94322d8}</UniqueIdentifier>
    </Filter>
    <Filter Include="Header Files\SDL2_Engine\ScreenManager">
      <UniqueIdentifier>{789ab103-6b5d-4ff6-88c0-3655b42e4d47}</UniqueIdentifier>
    </Filter>
    <Filter Include="Header Files\SDL2_Engine\Time">
      <UniqueIdentifier>{2465c701-2cd5-445b-a7c5-58e3a0b69097}</UniqueIdentifier>
    </Filter>
    <Filter Include="Header Files\SDL2_Engine\UI">
      <UniqueIdentifier>{bf665ba4-c170-4ba3-a398-9983f1ec5e5e}</UniqueIdentifier>
    </Filter>
    <Filter Include="Header Files\SDL2_Engine\Utilities">
      <UniqueIdentifier>{953d6ea2-f075-4a5e-a04e-476576178d60}</UniqueIdentifier>
    </Filter>
    <Filter Include="Header Files\SDL2_Engine\Utilities\Properties">
      <UniqueIdentifier>{ec6d0861-51ab-4e31-91b7-f4d99b904460}</UniqueIdentifier>
    </Filter>
    <Filter Include="Header Files\SDL2_Engine\_Root\Logger">
      <UniqueIdentifier>{de0f7da4-ce89-430a-9516-9d5b7d0f299d}</UniqueIdentifier>
    </Filter>
    <Filter Include="Header Files\SDL2_Engine\_Root\StateManager">
      <UniqueIdentifier>{7dd48774-30ba-4a13-9aae-fab82d27307f}</UniqueIdentifier>
    </Filter>
    <Filter Include="Header Files\SDL2_Engine\Resources\ResourceTypes">
      <UniqueIdentifier>{cb5a3060-7190-4eb4-bdd3-cab5b4a4b6be}</UniqueIdentifier>
    </Filter>
    <Filter Include="Header Files\SDL2_Engine\Resources\ResourceTypes\Descriptors">
      <UniqueIdentifier>{48a74ebd-1ea6-481c-a982-995c800fa4a9}</UniqueIdentifier>
    </Filter>
    <Filter Include="Source Files\SDL2_Engine">
      <UniqueIdentifier>{0496d1ba-be2b-42db-a9c9-f12db05030ec}</UniqueIdentifier>
    </Filter>
    <Filter Include="Source Files\SDL2_Engine\_Root">
      <UniqueIdentifier>{5254e97a-8ea3-4065-8368-0a7345e63934}</UniqueIdentifier>
    </Filter>
    <Filter Include="Source Files\SDL2_Engine\_Root\Logger">
      <UniqueIdentifier>{7a27f663-cc01-4fce-8bdb-239175fa3e0c}</UniqueIdentifier>
    </Filter>
    <Filter Include="Source Files\SDL2_Engine\_Root\StateManager">
      <UniqueIdentifier>{b81b654b-3153-4fee-90f8-a82b781b1618}</UniqueIdentifier>
    </Filter>
    <Filter Include="Source Files\SDL2_Engine\Audio">
      <UniqueIdentifier>{b25422e9-e83b-478d-8dc5-fe1be901c951}</UniqueIdentifier>
    </Filter>
    <Filter Include="Source Files\SDL2_Engine\Input">
      <UniqueIdentifier>{1b2abea6-189f-4baf-947a-bba88d3c1521}</UniqueIdentifier>
    </Filter>
    <Filter Include="Source Files\SDL2_Engine\Rendering">
      <UniqueIdentifier>{c3b11050-2109-4441-a64c-e73321fab169}</UniqueIdentifier>
    </Filter>
    <Filter Include="Source Files\SDL2_Engine\Resources">
      <UniqueIdentifier>{05ca0104-c20d-4721-9bf7-100847354615}</UniqueIdentifier>
    </Filter>
    <Filter Include="Source Files\SDL2_Engine\Resources\ResourceTypes">
      <UniqueIdentifier>{fabcf28b-36fb-4475-aac4-6fd4c0b5d2bc}</UniqueIdentifier>
    </Filter>
    <Filter Include="Source Files\SDL2_Engine\Resources\ResourceTypes\Descriptors">
      <UniqueIdentifier>{05080da1-faac-4903-b691-9d1c60575a88}</UniqueIdentifier>
    </Filter>
    <Filter Include="Source Files\SDL2_Engine\ScreenManager">
      <UniqueIdentifier>{8501cee0-2eef-48e6-8744-52309a117670}</UniqueIdentifier>
    </Filter>
    <Filter Include="Source Files\SDL2_Engine\Time">
      <UniqueIdentifier>{6dc0e721-85de-487e-b4b3-1a3c1d640f83}</UniqueIdentifier>
    </Filter>
    <Filter Include="Source Files\SDL2_Engine\UI">
      <UniqueIdentifier>{44ddd5fb-8e5a-4fc8-9bce-4c530ec0e15f}</UniqueIdentifier>
    </Filter>
    <Filter Include="Source Files\SDL2_Engine\Utilities">
      <UniqueIdentifier>{4668368a-544b-44c4-bf26-c70f81be3f11}</UniqueIdentifier>
    </Filter>
    <Filter Include="Source Files\SDL2_Engine\Utilities\Properties">
      <UniqueIdentifier>{48f93175-c117-4017-805e-01b6b88d0d42}</UniqueIdentifier>
    </Filter>
    <Filter Include="Source Files\jsoncpp">
      <UniqueIdentifier>{7fc9cb14-84c7-4e84-9833-52745052caa7}</UniqueIdentifier>
    </Filter>
    <Filter Include="Source Files\jsoncpp\json">
      <UniqueIdentifier>{ba6d9e3a-b508-441a-84c3-698734734bad}</UniqueIdentifier>
    </Filter>
  </ItemGroup>
  <ItemGroup>
    <ClInclude Include="src\main\dirent.h">
      <Filter>Header Files</Filter>
    </ClInclude>
    <ClInclude Include="src\SDL2_EngineInit.hpp">
      <Filter>Header Files</Filter>
    </ClInclude>
    <ClInclude Include="src\jsoncpp\json\json.h">
      <Filter>Header Files\jsoncpp\json</Filter>
    </ClInclude>
    <ClInclude Include="src\jsoncpp\json\json-forwards.h">
      <Filter>Header Files\jsoncpp\json</Filter>
    </ClInclude>
    <ClInclude Include="src\SDL2_Engine\_Root\Math.hpp">
      <Filter>Header Files\SDL2_Engine\_Root</Filter>
    </ClInclude>
    <ClInclude Include="src\SDL2_Engine\_Root\Types.hpp">
      <Filter>Header Files\SDL2_Engine\_Root</Filter>
    </ClInclude>
    <ClInclude Include="src\SDL2_Engine\_Root\Logger\DebugColor.hpp">
      <Filter>Header Files\SDL2_Engine\_Root\Logger</Filter>
    </ClInclude>
    <ClInclude Include="src\SDL2_Engine\_Root\Logger\Logger.hpp">
      <Filter>Header Files\SDL2_Engine\_Root\Logger</Filter>
    </ClInclude>
    <ClInclude Include="src\SDL2_Engine\_Root\StateManager\StateManager.hpp">
      <Filter>Header Files\SDL2_Engine\_Root\StateManager</Filter>
    </ClInclude>
    <ClInclude Include="src\SDL2_Engine\_Root\StateManager\StateManagerInitValues.hpp">
      <Filter>Header Files\SDL2_Engine\_Root\StateManager</Filter>
    </ClInclude>
    <ClInclude Include="src\SDL2_Engine\_Root\StateManager\StateManagerValues.hpp">
      <Filter>Header Files\SDL2_Engine\_Root\StateManager</Filter>
    </ClInclude>
    <ClInclude Include="src\SDL2_Engine\Input\GamePad.hpp">
      <Filter>Header Files\SDL2_Engine\Input</Filter>
    </ClInclude>
    <ClInclude Include="src\SDL2_Engine\Input\Input.hpp">
      <Filter>Header Files\SDL2_Engine\Input</Filter>
    </ClInclude>
    <ClInclude Include="src\SDL2_Engine\Input\InputValues.hpp">
      <Filter>Header Files\SDL2_Engine\Input</Filter>
    </ClInclude>
    <ClInclude Include="src\SDL2_Engine\Input\VibrationDescription.hpp">
      <Filter>Header Files\SDL2_Engine\Input</Filter>
    </ClInclude>
    <ClInclude Include="src\SDL2_Engine\Input\VirtualAxis.hpp">
      <Filter>Header Files\SDL2_Engine\Input</Filter>
    </ClInclude>
    <ClInclude Include="src\SDL2_Engine\Utilities\Bitmask.hpp">
      <Filter>Header Files\SDL2_Engine\Utilities</Filter>
    </ClInclude>
    <ClInclude Include="src\SDL2_Engine\Utilities\Properties\ReadOnlyProperty.hpp">
      <Filter>Header Files\SDL2_Engine\Utilities\Properties</Filter>
    </ClInclude>
    <ClInclude Include="src\SDL2_Engine\Utilities\Properties\ValidatedProperty.hpp">
      <Filter>Header Files\SDL2_Engine\Utilities\Properties</Filter>
    </ClInclude>
    <ClInclude Include="src\SDL2_Engine\ScreenManager\BaseScreen.hpp">
      <Filter>Header Files\SDL2_Engine\ScreenManager</Filter>
    </ClInclude>
    <ClInclude Include="src\SDL2_Engine\ScreenManager\ScreenManagerValues.hpp">
      <Filter>Header Files\SDL2_Engine\ScreenManager</Filter>
    </ClInclude>
    <ClInclude Include="src\SDL2_Engine\Resources\ResourceTypes\Descriptors\Cursor.hpp">
      <Filter>Header Files\SDL2_Engine\Resources\ResourceTypes\Descriptors</Filter>
    </ClInclude>
    <ClInclude Include="src\SDL2_Engine\Resources\ResourceTypes\ResourceBase.hpp">
      <Filter>Header Files\SDL2_Engine\Resources\ResourceTypes</Filter>
    </ClInclude>
    <ClInclude Include="src\SDL2_Engine\Resources\ResourceTypes\SDL2Resource.hpp">
      <Filter>Header Files\SDL2_Engine\Resources\ResourceTypes</Filter>
    </ClInclude>
    <ClInclude Include="src\SDL2_Engine\Resources\ResourceTypes\SDL2TextureResource.hpp">
      <Filter>Header Files\SDL2_Engine\Resources\ResourceTypes</Filter>
    </ClInclude>
    <ClInclude Include="src\SDL2_Engine\Resources\ResourceTypes\SDL2SFXResource.hpp">
      <Filter>Header Files\SDL2_Engine\Resources\ResourceTypes</Filter>
    </ClInclude>
    <ClInclude Include="src\SDL2_Engine\Resources\ResourceTypes\SDL2MusicResource.hpp">
      <Filter>Header Files\SDL2_Engine\Resources\ResourceTypes</Filter>
    </ClInclude>
    <ClInclude Include="src\SDL2_Engine\Resources\ResourceTypes\SDL2GenericResource.hpp">
      <Filter>Header Files\SDL2_Engine\Resources\ResourceTypes</Filter>
    </ClInclude>
    <ClInclude Include="src\SDL2_Engine\Resources\ResourceTypes\SDL2CursorResource.hpp">
      <Filter>Header Files\SDL2_Engine\Resources\ResourceTypes</Filter>
    </ClInclude>
    <ClInclude Include="src\SDL2_Engine\Resources\ResourceValues.hpp">
      <Filter>Header Files\SDL2_Engine\Resources</Filter>
    </ClInclude>
    <ClInclude Include="src\SDL2_Engine\Resources\ResourceTypes.hpp">
      <Filter>Header Files\SDL2_Engine\Resources</Filter>
    </ClInclude>
    <ClInclude Include="src\SDL2_Engine\Resources\ResourceTypePrototypes.hpp">
      <Filter>Header Files\SDL2_Engine\Resources</Filter>
    </ClInclude>
    <ClInclude Include="src\SDL2_Engine\Resources\Resources.hpp">
      <Filter>Header Files\SDL2_Engine\Resources</Filter>
    </ClInclude>
    <ClInclude Include="src\SDL2_Engine\Time\Time.hpp">
      <Filter>Header Files\SDL2_Engine\Time</Filter>
    </ClInclude>
    <ClInclude Include="src\SDL2_Engine\InitIncludes.hpp">
      <Filter>Header Files\SDL2_Engine</Filter>
    </ClInclude>
    <ClInclude Include="src\SDL2_Engine\SDL2_Engine.hpp">
      <Filter>Header Files\SDL2_Engine</Filter>
    </ClInclude>
  </ItemGroup>
  <ItemGroup>
    <ClCompile Include="src\main.cpp">
      <Filter>Source Files</Filter>
    </ClCompile>
    <ClCompile Include="src\SDL2_EngineInit.cpp">
      <Filter>Source Files</Filter>
    </ClCompile>
    <ClCompile Include="src\SDL2_Engine\ScreenManager\BaseScreen.cpp">
      <Filter>Source Files\SDL2_Engine\ScreenManager</Filter>
    </ClCompile>
    <ClCompile Include="src\SDL2_Engine\Input\GamePad.cpp">
      <Filter>Source Files\SDL2_Engine\Input</Filter>
    </ClCompile>
    <ClCompile Include="src\SDL2_Engine\Input\Input.cpp">
      <Filter>Source Files\SDL2_Engine\Input</Filter>
    </ClCompile>
    <ClCompile Include="src\SDL2_Engine\Input\VibrationDescription.cpp">
      <Filter>Source Files\SDL2_Engine\Input</Filter>
    </ClCompile>
    <ClCompile Include="src\jsoncpp\jsoncpp.cpp">
      <Filter>Source Files\jsoncpp</Filter>
    </ClCompile>
    <ClCompile Include="src\SDL2_Engine\_Root\Logger\Logger.cpp">
      <Filter>Source Files\SDL2_Engine\_Root\Logger</Filter>
    </ClCompile>
    <ClCompile Include="src\SDL2_Engine\_Root\StateManager\StateManager.cpp">
      <Filter>Source Files\SDL2_Engine\_Root\StateManager</Filter>
    </ClCompile>
    <ClCompile Include="src\SDL2_Engine\Resources\Resources.cpp">
      <Filter>Source Files\SDL2_Engine\Resources</Filter>
    </ClCompile>
    <ClCompile Include="src\SDL2_Engine\Resources\ResourceTypes\SDL2CursorResource.cpp">
      <Filter>Source Files\SDL2_Engine\Resources\ResourceTypes</Filter>
    </ClCompile>
    <ClCompile Include="src\SDL2_Engine\Resources\ResourceTypes\SDL2MusicResource.cpp">
      <Filter>Source Files\SDL2_Engine\Resources\ResourceTypes</Filter>
    </ClCompile>
    <ClCompile Include="src\SDL2_Engine\Resources\ResourceTypes\SDL2SFXResource.cpp">
      <Filter>Source Files\SDL2_Engine\Resources\ResourceTypes</Filter>
    </ClCompile>
    <ClCompile Include="src\SDL2_Engine\Resources\ResourceTypes\SDL2TextureResource.cpp">
      <Filter>Source Files\SDL2_Engine\Resources\ResourceTypes</Filter>
    </ClCompile>
    <ClCompile Include="src\SDL2_Engine\Time\Time.cpp">
      <Filter>Source Files\SDL2_Engine\Time</Filter>
    </ClCompile>
  </ItemGroup>
</Project>