<?xml version="1.0" encoding="utf-8"?>
<Project ToolsVersion="4.0" xmlns="http://schemas.microsoft.com/developer/msbuild/2003">
  <ItemGroup>
    <Filter Include="Source Files">
      <UniqueIdentifier>{4FC737F1-C7A5-4376-A066-2A32D752A2FF}</UniqueIdentifier>
      <Extensions>cpp;c;cc;cxx;def;odl;idl;hpj;bat;asm;asmx</Extensions>
    </Filter>
    <Filter Include="Header Files">
      <UniqueIdentifier>{93995380-89BD-4b04-88EB-625FBE52EBFB}</UniqueIdentifier>
      <Extensions>h;hh;hpp;hxx;hm;inl;inc;xsd</Extensions>
    </Filter>
    <Filter Include="Resource Files">
      <UniqueIdentifier>{67DA6AB6-F800-4c08-8B7A-83BB121AAD01}</UniqueIdentifier>
      <Extensions>rc;ico;cur;bmp;dlg;rc2;rct;bin;rgs;gif;jpg;jpeg;jpe;resx;tiff;tif;png;wav;mfcribbon-ms</Extensions>
    </Filter>
    <Filter Include="Header Files\SDL2_Engine">
      <UniqueIdentifier>{78dc0033-b8c9-47ab-ab13-c195299d7a24}</UniqueIdentifier>
    </Filter>
    <Filter Include="Header Files\SDL2_Engine\Utilities">
      <UniqueIdentifier>{36fc3da6-a38c-468c-a7a6-921fd4098d6a}</UniqueIdentifier>
    </Filter>
    <Filter Include="Header Files\SDL2_Engine\Utilities\Properties">
      <UniqueIdentifier>{3b939f7e-1842-412c-9ad3-69b1a5464aef}</UniqueIdentifier>
    </Filter>
    <Filter Include="Source Files\SDL2_Engine">
      <UniqueIdentifier>{888cc0b5-e147-4f49-ad2e-e719d26e582d}</UniqueIdentifier>
    </Filter>
    <Filter Include="Source Files\SDL2_Engine\Utilities">
      <UniqueIdentifier>{ebc345f2-76e6-4955-8a02-5b348ad59466}</UniqueIdentifier>
    </Filter>
    <Filter Include="Source Files\SDL2_Engine\Utilities\Properties">
      <UniqueIdentifier>{92219c60-43af-4402-b14a-58205eed4474}</UniqueIdentifier>
    </Filter>
  </ItemGroup>
  <ItemGroup>
    <ClInclude Include="src\main\dirent.h">
      <Filter>Header Files</Filter>
    </ClInclude>
    <ClInclude Include="src\SDL2_Engine\Utilities\Properties\Properties.h">
      <Filter>Header Files\SDL2_Engine\Utilities\Properties</Filter>
    </ClInclude>
    <ClInclude Include="src\SDL2_Engine\Utilities\Properties\ValidatedProperty.h">
      <Filter>Header Files\SDL2_Engine\Utilities\Properties</Filter>
    </ClInclude>
    <ClInclude Include="src\SDL2_Engine\Utilities\Properties\ReadOnlyProperty.h">
      <Filter>Header Files\SDL2_Engine\Utilities\Properties</Filter>
    </ClInclude>
    <ClInclude Include="src\SDL2_Engine\Time.h">
      <Filter>Header Files\SDL2_Engine</Filter>
    </ClInclude>
    <ClInclude Include="src\SDL2_Engine\Types.h">
      <Filter>Header Files</Filter>
    </ClInclude>
    <ClInclude Include="src\SDL2_Engine\Logger.h">
      <Filter>Header Files\SDL2_Engine</Filter>
    </ClInclude>
  </ItemGroup>
  <ItemGroup>
    <ClCompile Include="src\main.cpp">
      <Filter>Source Files</Filter>
    </ClCompile>
    <ClCompile Include="src\SDL2_Engine\Time.cpp">
      <Filter>Source Files\SDL2_Engine</Filter>
    </ClCompile>
    <ClCompile Include="src\SDL2_Engine\Logger.cpp">
      <Filter>Source Files\SDL2_Engine</Filter>
    </ClCompile>
  </ItemGroup>
</Project>